
Microsoft Visual Studio Solution File, Format Version 12.00
# Visual Studio Version 17
VisualStudioVersion = 17.4.33110.190
MinimumVisualStudioVersion = 10.0.40219.1
Project("{FAE04EC0-301F-11D3-BF4B-00C04F79EFBC}") = "Binary_Search_Tree", "Binary_Search_Tree\Binary_Search_Tree.csproj", "{BD8B8174-511F-460E-B216-F102ACD46DED}"
EndProject
Global
	GlobalSection(SolutionConfigurationPlatforms) = preSolution
		Debug|Any CPU = Debug|Any CPU
		Release|Any CPU = Release|Any CPU
	EndGlobalSection
	GlobalSection(ProjectConfigurationPlatforms) = postSolution
		{BD8B8174-511F-460E-B216-F102ACD46DED}.Debug|Any CPU.ActiveCfg = Debug|Any CPU
		{BD8B8174-511F-460E-B216-F102ACD46DED}.Debug|Any CPU.Build.0 = Debug|Any CPU
		{BD8B8174-511F-460E-B216-F102ACD46DED}.Release|Any CPU.ActiveCfg = Release|Any CPU
		{BD8B8174-511F-460E-B216-F102ACD46DED}.Release|Any CPU.Build.0 = Release|Any CPU
	EndGlobalSection
	GlobalSection(SolutionProperties) = preSolution
		HideSolutionNode = FALSE
	EndGlobalSection
	GlobalSection(ExtensibilityGlobals) = postSolution
		SolutionGuid = {3DE50368-BEB8-467B-9EDE-98317C9214E5}
	EndGlobalSection
EndGlobal
